
Microsoft Visual Studio Solution File, Format Version 12.00
# Visual Studio 15
VisualStudioVersion = 15.0.28307.168
MinimumVisualStudioVersion = 10.0.40219.1
Project("{8BC9CEB8-8B4A-11D0-8D11-00A0C91BC942}") = "Call_Menager", "Call_Menager\Call_Menager.vcxproj", "{FD105370-D31C-4DC4-B1CD-BD297AF7014A}"
EndProject
Global
	GlobalSection(SolutionConfigurationPlatforms) = preSolution
		Debug|x64 = Debug|x64
		Debug|x86 = Debug|x86
		Release|x64 = Release|x64
		Release|x86 = Release|x86
	EndGlobalSection
	GlobalSection(ProjectConfigurationPlatforms) = postSolution
		{FD105370-D31C-4DC4-B1CD-BD297AF7014A}.Debug|x64.ActiveCfg = Debug|x64
		{FD105370-D31C-4DC4-B1CD-BD297AF7014A}.Debug|x64.Build.0 = Debug|x64
		{FD105370-D31C-4DC4-B1CD-BD297AF7014A}.Debug|x86.ActiveCfg = Debug|Win32
		{FD105370-D31C-4DC4-B1CD-BD297AF7014A}.Debug|x86.Build.0 = Debug|Win32
		{FD105370-D31C-4DC4-B1CD-BD297AF7014A}.Release|x64.ActiveCfg = Release|x64
		{FD105370-D31C-4DC4-B1CD-BD297AF7014A}.Release|x64.Build.0 = Release|x64
		{FD105370-D31C-4DC4-B1CD-BD297AF7014A}.Release|x86.ActiveCfg = Release|Win32
		{FD105370-D31C-4DC4-B1CD-BD297AF7014A}.Release|x86.Build.0 = Release|Win32
	EndGlobalSection
	GlobalSection(SolutionProperties) = preSolution
		HideSolutionNode = FALSE
	EndGlobalSection
	GlobalSection(ExtensibilityGlobals) = postSolution
		SolutionGuid = {7D3F947C-EDD4-4310-9B68-2E7C4BB74705}
	EndGlobalSection
EndGlobal
